
Microsoft Visual Studio Solution File, Format Version 12.00
# Visual Studio Version 16
VisualStudioVersion = 16.0.30104.148
MinimumVisualStudioVersion = 10.0.40219.1
Project("{9A19103F-16F7-4668-BE54-9A1E7A4F7556}") = "MassiveJobs.Core", "MassiveJobs.Core\MassiveJobs.Core.csproj", "{AADFABC4-FC8B-442E-A6C2-93192DDBA763}"
EndProject
Project("{9A19103F-16F7-4668-BE54-9A1E7A4F7556}") = "MassiveJobs.Core.Tests", "MassiveJobs.Core.Tests\MassiveJobs.Core.Tests.csproj", "{77058A54-9F94-4C97-9C5D-783D4D5C1A94}"
EndProject
Project("{9A19103F-16F7-4668-BE54-9A1E7A4F7556}") = "MassiveJobs.RabbitMqBroker", "MassiveJobs.RabbitMqBroker\MassiveJobs.RabbitMqBroker.csproj", "{641FB44F-19C4-4EAD-9FC7-1AA36F7DFF4A}"
EndProject
Project("{9A19103F-16F7-4668-BE54-9A1E7A4F7556}") = "MassiveJobs.RabbitMqBroker.Tests", "MassiveJobs.RabbitMqBroker.Tests\MassiveJobs.RabbitMqBroker.Tests.csproj", "{34FDBA28-C6EA-4EF1-AFB3-248103BEFA17}"
EndProject
Project("{2150E333-8FDC-42A3-9474-1A3956D46DE8}") = "Tests", "Tests", "{C8007A7E-EDEE-430A-B04D-10DB7F6AA45C}"
EndProject
Global
	GlobalSection(SolutionConfigurationPlatforms) = preSolution
		Debug|Any CPU = Debug|Any CPU
		Release|Any CPU = Release|Any CPU
	EndGlobalSection
	GlobalSection(ProjectConfigurationPlatforms) = postSolution
		{AADFABC4-FC8B-442E-A6C2-93192DDBA763}.Debug|Any CPU.ActiveCfg = Debug|Any CPU
		{AADFABC4-FC8B-442E-A6C2-93192DDBA763}.Debug|Any CPU.Build.0 = Debug|Any CPU
		{AADFABC4-FC8B-442E-A6C2-93192DDBA763}.Release|Any CPU.ActiveCfg = Release|Any CPU
		{AADFABC4-FC8B-442E-A6C2-93192DDBA763}.Release|Any CPU.Build.0 = Release|Any CPU
		{77058A54-9F94-4C97-9C5D-783D4D5C1A94}.Debug|Any CPU.ActiveCfg = Debug|Any CPU
		{77058A54-9F94-4C97-9C5D-783D4D5C1A94}.Debug|Any CPU.Build.0 = Debug|Any CPU
		{77058A54-9F94-4C97-9C5D-783D4D5C1A94}.Release|Any CPU.ActiveCfg = Release|Any CPU
		{77058A54-9F94-4C97-9C5D-783D4D5C1A94}.Release|Any CPU.Build.0 = Release|Any CPU
		{641FB44F-19C4-4EAD-9FC7-1AA36F7DFF4A}.Debug|Any CPU.ActiveCfg = Debug|Any CPU
		{641FB44F-19C4-4EAD-9FC7-1AA36F7DFF4A}.Debug|Any CPU.Build.0 = Debug|Any CPU
		{641FB44F-19C4-4EAD-9FC7-1AA36F7DFF4A}.Release|Any CPU.ActiveCfg = Release|Any CPU
		{641FB44F-19C4-4EAD-9FC7-1AA36F7DFF4A}.Release|Any CPU.Build.0 = Release|Any CPU
		{34FDBA28-C6EA-4EF1-AFB3-248103BEFA17}.Debug|Any CPU.ActiveCfg = Debug|Any CPU
		{34FDBA28-C6EA-4EF1-AFB3-248103BEFA17}.Debug|Any CPU.Build.0 = Debug|Any CPU
		{34FDBA28-C6EA-4EF1-AFB3-248103BEFA17}.Release|Any CPU.ActiveCfg = Release|Any CPU
		{34FDBA28-C6EA-4EF1-AFB3-248103BEFA17}.Release|Any CPU.Build.0 = Release|Any CPU
	EndGlobalSection
	GlobalSection(SolutionProperties) = preSolution
		HideSolutionNode = FALSE
	EndGlobalSection
	GlobalSection(NestedProjects) = preSolution
		{77058A54-9F94-4C97-9C5D-783D4D5C1A94} = {C8007A7E-EDEE-430A-B04D-10DB7F6AA45C}
		{34FDBA28-C6EA-4EF1-AFB3-248103BEFA17} = {C8007A7E-EDEE-430A-B04D-10DB7F6AA45C}
	EndGlobalSection
	GlobalSection(ExtensibilityGlobals) = postSolution
		SolutionGuid = {538DD0CF-AF2C-4042-9A8B-3173A46FD116}
	EndGlobalSection
EndGlobal
