
Microsoft Visual Studio Solution File, Format Version 12.00
# Visual Studio Version 16
VisualStudioVersion = 16.0.30104.148
MinimumVisualStudioVersion = 10.0.40219.1
Project("{9A19103F-16F7-4668-BE54-9A1E7A4F7556}") = "MassiveJobs.Core", "MassiveJobs.Core\MassiveJobs.Core.csproj", "{AADFABC4-FC8B-442E-A6C2-93192DDBA763}"
EndProject
Project("{9A19103F-16F7-4668-BE54-9A1E7A4F7556}") = "MassiveJobs.Core.Tests", "MassiveJobs.Core.Tests\MassiveJobs.Core.Tests.csproj", "{77058A54-9F94-4C97-9C5D-783D4D5C1A94}"
EndProject
Project("{FAE04EC0-301F-11D3-BF4B-00C04F79EFBC}") = "MassiveJobs.Core.Hosting", "MassiveJobs.Core.Hosting\MassiveJobs.Core.Hosting.csproj", "{4532824E-F60B-439C-8693-48162152E32E}"
EndProject
Global
	GlobalSection(SolutionConfigurationPlatforms) = preSolution
		Debug|Any CPU = Debug|Any CPU
		Release|Any CPU = Release|Any CPU
	EndGlobalSection
	GlobalSection(ProjectConfigurationPlatforms) = postSolution
		{AADFABC4-FC8B-442E-A6C2-93192DDBA763}.Debug|Any CPU.ActiveCfg = Debug|Any CPU
		{AADFABC4-FC8B-442E-A6C2-93192DDBA763}.Debug|Any CPU.Build.0 = Debug|Any CPU
		{AADFABC4-FC8B-442E-A6C2-93192DDBA763}.Release|Any CPU.ActiveCfg = Release|Any CPU
		{AADFABC4-FC8B-442E-A6C2-93192DDBA763}.Release|Any CPU.Build.0 = Release|Any CPU
		{77058A54-9F94-4C97-9C5D-783D4D5C1A94}.Debug|Any CPU.ActiveCfg = Debug|Any CPU
		{77058A54-9F94-4C97-9C5D-783D4D5C1A94}.Debug|Any CPU.Build.0 = Debug|Any CPU
		{77058A54-9F94-4C97-9C5D-783D4D5C1A94}.Release|Any CPU.ActiveCfg = Release|Any CPU
		{77058A54-9F94-4C97-9C5D-783D4D5C1A94}.Release|Any CPU.Build.0 = Release|Any CPU
		{4532824E-F60B-439C-8693-48162152E32E}.Debug|Any CPU.ActiveCfg = Debug|Any CPU
		{4532824E-F60B-439C-8693-48162152E32E}.Debug|Any CPU.Build.0 = Debug|Any CPU
		{4532824E-F60B-439C-8693-48162152E32E}.Release|Any CPU.ActiveCfg = Release|Any CPU
		{4532824E-F60B-439C-8693-48162152E32E}.Release|Any CPU.Build.0 = Release|Any CPU
	EndGlobalSection
	GlobalSection(SolutionProperties) = preSolution
		HideSolutionNode = FALSE
	EndGlobalSection
	GlobalSection(ExtensibilityGlobals) = postSolution
		SolutionGuid = {538DD0CF-AF2C-4042-9A8B-3173A46FD116}
	EndGlobalSection
EndGlobal
